
Microsoft Visual Studio Solution File, Format Version 12.00
# Visual Studio 15
VisualStudioVersion = 15.0.28010.2019
MinimumVisualStudioVersion = 10.0.40219.1
Project("{8BC9CEB8-8B4A-11D0-8D11-00A0C91BC942}") = "learn", "learn\learn.vcxproj", "{098B4CCA-95E7-4CFE-B9A6-E1A7FD841696}"
EndProject
Global
	GlobalSection(SolutionConfigurationPlatforms) = preSolution
		Debug|x64 = Debug|x64
		Debug|x86 = Debug|x86
		Release|x64 = Release|x64
		Release|x86 = Release|x86
	EndGlobalSection
	GlobalSection(ProjectConfigurationPlatforms) = postSolution
		{098B4CCA-95E7-4CFE-B9A6-E1A7FD841696}.Debug|x64.ActiveCfg = Debug|x64
		{098B4CCA-95E7-4CFE-B9A6-E1A7FD841696}.Debug|x64.Build.0 = Debug|x64
		{098B4CCA-95E7-4CFE-B9A6-E1A7FD841696}.Debug|x86.ActiveCfg = Debug|Win32
		{098B4CCA-95E7-4CFE-B9A6-E1A7FD841696}.Debug|x86.Build.0 = Debug|Win32
		{098B4CCA-95E7-4CFE-B9A6-E1A7FD841696}.Release|x64.ActiveCfg = Release|x64
		{098B4CCA-95E7-4CFE-B9A6-E1A7FD841696}.Release|x64.Build.0 = Release|x64
		{098B4CCA-95E7-4CFE-B9A6-E1A7FD841696}.Release|x86.ActiveCfg = Release|Win32
		{098B4CCA-95E7-4CFE-B9A6-E1A7FD841696}.Release|x86.Build.0 = Release|Win32
	EndGlobalSection
	GlobalSection(SolutionProperties) = preSolution
		HideSolutionNode = FALSE
	EndGlobalSection
	GlobalSection(ExtensibilityGlobals) = postSolution
		SolutionGuid = {BF49A1F9-E5ED-4BF3-A0E2-6259C05DA3E6}
	EndGlobalSection
EndGlobal
